
Microsoft Visual Studio Solution File, Format Version 12.00
# Visual Studio Version 17
VisualStudioVersion = 17.14.36127.28
MinimumVisualStudioVersion = 10.0.40219.1
Project("{FAE04EC0-301F-11D3-BF4B-00C04F79EFBC}") = "RabbitMQAdvancedClient", "RabbitMQAdvancedClient\RabbitMQAdvancedClient.csproj", "{9AE5BEF2-1770-4C6D-8A6B-186775F671EF}"
EndProject
Project("{FAE04EC0-301F-11D3-BF4B-00C04F79EFBC}") = "RabbitMQAdvancedClient.Tests", "RabbitMQAdvancedClient.Tests\RabbitMQAdvancedClient.Tests.csproj", "{D4EE1652-A2CC-49AA-9F3C-E00A529628F1}"
EndProject
Global
	GlobalSection(SolutionConfigurationPlatforms) = preSolution
		Debug|Any CPU = Debug|Any CPU
		Debug|x64 = Debug|x64
		Debug|x86 = Debug|x86
		Release|Any CPU = Release|Any CPU
		Release|x64 = Release|x64
		Release|x86 = Release|x86
	EndGlobalSection
	GlobalSection(ProjectConfigurationPlatforms) = postSolution
		{9AE5BEF2-1770-4C6D-8A6B-186775F671EF}.Debug|Any CPU.ActiveCfg = Debug|Any CPU
		{9AE5BEF2-1770-4C6D-8A6B-186775F671EF}.Debug|Any CPU.Build.0 = Debug|Any CPU
		{9AE5BEF2-1770-4C6D-8A6B-186775F671EF}.Debug|x64.ActiveCfg = Debug|Any CPU
		{9AE5BEF2-1770-4C6D-8A6B-186775F671EF}.Debug|x64.Build.0 = Debug|Any CPU
		{9AE5BEF2-1770-4C6D-8A6B-186775F671EF}.Debug|x86.ActiveCfg = Debug|Any CPU
		{9AE5BEF2-1770-4C6D-8A6B-186775F671EF}.Debug|x86.Build.0 = Debug|Any CPU
		{9AE5BEF2-1770-4C6D-8A6B-186775F671EF}.Release|Any CPU.ActiveCfg = Release|Any CPU
		{9AE5BEF2-1770-4C6D-8A6B-186775F671EF}.Release|Any CPU.Build.0 = Release|Any CPU
		{9AE5BEF2-1770-4C6D-8A6B-186775F671EF}.Release|x64.ActiveCfg = Release|Any CPU
		{9AE5BEF2-1770-4C6D-8A6B-186775F671EF}.Release|x64.Build.0 = Release|Any CPU
		{9AE5BEF2-1770-4C6D-8A6B-186775F671EF}.Release|x86.ActiveCfg = Release|Any CPU
		{9AE5BEF2-1770-4C6D-8A6B-186775F671EF}.Release|x86.Build.0 = Release|Any CPU
		{D4EE1652-A2CC-49AA-9F3C-E00A529628F1}.Debug|Any CPU.ActiveCfg = Debug|Any CPU
		{D4EE1652-A2CC-49AA-9F3C-E00A529628F1}.Debug|Any CPU.Build.0 = Debug|Any CPU
		{D4EE1652-A2CC-49AA-9F3C-E00A529628F1}.Debug|x64.ActiveCfg = Debug|Any CPU
		{D4EE1652-A2CC-49AA-9F3C-E00A529628F1}.Debug|x64.Build.0 = Debug|Any CPU
		{D4EE1652-A2CC-49AA-9F3C-E00A529628F1}.Debug|x86.ActiveCfg = Debug|Any CPU
		{D4EE1652-A2CC-49AA-9F3C-E00A529628F1}.Debug|x86.Build.0 = Debug|Any CPU
		{D4EE1652-A2CC-49AA-9F3C-E00A529628F1}.Release|Any CPU.ActiveCfg = Release|Any CPU
		{D4EE1652-A2CC-49AA-9F3C-E00A529628F1}.Release|Any CPU.Build.0 = Release|Any CPU
		{D4EE1652-A2CC-49AA-9F3C-E00A529628F1}.Release|x64.ActiveCfg = Release|Any CPU
		{D4EE1652-A2CC-49AA-9F3C-E00A529628F1}.Release|x64.Build.0 = Release|Any CPU
		{D4EE1652-A2CC-49AA-9F3C-E00A529628F1}.Release|x86.ActiveCfg = Release|Any CPU
		{D4EE1652-A2CC-49AA-9F3C-E00A529628F1}.Release|x86.Build.0 = Release|Any CPU
	EndGlobalSection
	GlobalSection(SolutionProperties) = preSolution
		HideSolutionNode = FALSE
	EndGlobalSection
	GlobalSection(ExtensibilityGlobals) = postSolution
		SolutionGuid = {792B6254-FD58-491A-BC1C-1930ECCD662E}
	EndGlobalSection
EndGlobal
